// !$*UTF8*$!
{
	archiveVersion = 1;
	classes = {
	};
	objectVersion = 52;
	objects = {

/* Begin PBXBuildFile section */
		54F95EAE23D4998B00187341 /* AppDelegate.swift in Sources */ = {isa = PBXBuildFile; fileRef = 54F95EAD23D4998B00187341 /* AppDelegate.swift */; };
		54F95EB223D4998B00187341 /* ViewController.swift in Sources */ = {isa = PBXBuildFile; fileRef = 54F95EB123D4998B00187341 /* ViewController.swift */; };
		54F95EB523D4998B00187341 /* Main.storyboard in Resources */ = {isa = PBXBuildFile; fileRef = 54F95EB323D4998B00187341 /* Main.storyboard */; };
		54F95EB723D4998D00187341 /* Assets.xcassets in Resources */ = {isa = PBXBuildFile; fileRef = 54F95EB623D4998D00187341 /* Assets.xcassets */; };
		54F95EBA23D4998D00187341 /* LaunchScreen.storyboard in Resources */ = {isa = PBXBuildFile; fileRef = 54F95EB823D4998D00187341 /* LaunchScreen.storyboard */; };
		54F95EC223D49A0D00187341 /* User.swift in Sources */ = {isa = PBXBuildFile; fileRef = 54F95EC123D49A0D00187341 /* User.swift */; };
		54F95EC523D49F1C00187341 /* README.md in Resources */ = {isa = PBXBuildFile; fileRef = 54F95EC423D49F1C00187341 /* README.md */; };
		54F95ECB23D4AAC100187341 /* EZCache in Frameworks */ = {isa = PBXBuildFile; productRef = 54F95ECA23D4AAC100187341 /* EZCache */; };
		54F95ECD23D4AB3D00187341 /* SceneDelegate.swift in Sources */ = {isa = PBXBuildFile; fileRef = 54F95ECC23D4AB3D00187341 /* SceneDelegate.swift */; };
/* End PBXBuildFile section */

/* Begin PBXFileReference section */
		54F95EAA23D4998B00187341 /* EZCacheExample.app */ = {isa = PBXFileReference; explicitFileType = wrapper.application; includeInIndex = 0; path = EZCacheExample.app; sourceTree = BUILT_PRODUCTS_DIR; };
		54F95EAD23D4998B00187341 /* AppDelegate.swift */ = {isa = PBXFileReference; lastKnownFileType = sourcecode.swift; path = AppDelegate.swift; sourceTree = "<group>"; };
		54F95EB123D4998B00187341 /* ViewController.swift */ = {isa = PBXFileReference; lastKnownFileType = sourcecode.swift; path = ViewController.swift; sourceTree = "<group>"; };
		54F95EB423D4998B00187341 /* Base */ = {isa = PBXFileReference; lastKnownFileType = file.storyboard; name = Base; path = Base.lproj/Main.storyboard; sourceTree = "<group>"; };
		54F95EB623D4998D00187341 /* Assets.xcassets */ = {isa = PBXFileReference; lastKnownFileType = folder.assetcatalog; path = Assets.xcassets; sourceTree = "<group>"; };
		54F95EB923D4998D00187341 /* Base */ = {isa = PBXFileReference; lastKnownFileType = file.storyboard; name = Base; path = Base.lproj/LaunchScreen.storyboard; sourceTree = "<group>"; };
		54F95EBB23D4998D00187341 /* Info.plist */ = {isa = PBXFileReference; lastKnownFileType = text.plist.xml; path = Info.plist; sourceTree = "<group>"; };
		54F95EC123D49A0D00187341 /* User.swift */ = {isa = PBXFileReference; fileEncoding = 4; lastKnownFileType = sourcecode.swift; path = User.swift; sourceTree = "<group>"; };
		54F95EC423D49F1C00187341 /* README.md */ = {isa = PBXFileReference; fileEncoding = 4; lastKnownFileType = net.daringfireball.markdown; path = README.md; sourceTree = "<group>"; };
		54F95ECC23D4AB3D00187341 /* SceneDelegate.swift */ = {isa = PBXFileReference; fileEncoding = 4; lastKnownFileType = sourcecode.swift; path = SceneDelegate.swift; sourceTree = "<group>"; };
/* End PBXFileReference section */

/* Begin PBXFrameworksBuildPhase section */
		54F95EA723D4998B00187341 /* Frameworks */ = {
			isa = PBXFrameworksBuildPhase;
			buildActionMask = 2147483647;
			files = (
				54F95ECB23D4AAC100187341 /* EZCache in Frameworks */,
			);
			runOnlyForDeploymentPostprocessing = 0;
		};
/* End PBXFrameworksBuildPhase section */

/* Begin PBXGroup section */
		54F95EA123D4998B00187341 = {
			isa = PBXGroup;
			children = (
				54F95EAC23D4998B00187341 /* EZCacheExample */,
				54F95EC323D49BFF00187341 /* Frameworks */,
				54F95EAB23D4998B00187341 /* Products */,
				54F95EC423D49F1C00187341 /* README.md */,
			);
			sourceTree = "<group>";
		};
		54F95EAB23D4998B00187341 /* Products */ = {
			isa = PBXGroup;
			children = (
				54F95EAA23D4998B00187341 /* EZCacheExample.app */,
			);
			name = Products;
			sourceTree = "<group>";
		};
		54F95EAC23D4998B00187341 /* EZCacheExample */ = {
			isa = PBXGroup;
			children = (
				54F95EAD23D4998B00187341 /* AppDelegate.swift */,
				54F95ECC23D4AB3D00187341 /* SceneDelegate.swift */,
				54F95EB123D4998B00187341 /* ViewController.swift */,
				54F95EC123D49A0D00187341 /* User.swift */,
				54F95EB323D4998B00187341 /* Main.storyboard */,
				54F95EB623D4998D00187341 /* Assets.xcassets */,
				54F95EB823D4998D00187341 /* LaunchScreen.storyboard */,
				54F95EBB23D4998D00187341 /* Info.plist */,
			);
			path = EZCacheExample;
			sourceTree = "<group>";
		};
		54F95EC323D49BFF00187341 /* Frameworks */ = {
			isa = PBXGroup;
			children = (
			);
			path = Frameworks;
			sourceTree = "<group>";
		};
/* End PBXGroup section */

/* Begin PBXNativeTarget section */
		54F95EA923D4998B00187341 /* EZCacheExample */ = {
			isa = PBXNativeTarget;
			buildConfigurationList = 54F95EBE23D4998D00187341 /* Build configuration list for PBXNativeTarget "EZCacheExample" */;
			buildPhases = (
				54F95EA623D4998B00187341 /* Sources */,
				54F95EA723D4998B00187341 /* Frameworks */,
				54F95EA823D4998B00187341 /* Resources */,
			);
			buildRules = (
			);
			dependencies = (
			);
			name = EZCacheExample;
			packageProductDependencies = (
				54F95ECA23D4AAC100187341 /* EZCache */,
			);
			productName = EZCacheExample;
			productReference = 54F95EAA23D4998B00187341 /* EZCacheExample.app */;
			productType = "com.apple.product-type.application";
		};
/* End PBXNativeTarget section */

/* Begin PBXProject section */
		54F95EA223D4998B00187341 /* Project object */ = {
			isa = PBXProject;
			attributes = {
				LastSwiftUpdateCheck = 1130;
				LastUpgradeCheck = 1130;
				ORGANIZATIONNAME = "Michael Green";
				TargetAttributes = {
					54F95EA923D4998B00187341 = {
						CreatedOnToolsVersion = 11.3;
					};
				};
			};
			buildConfigurationList = 54F95EA523D4998B00187341 /* Build configuration list for PBXProject "EZCacheExample" */;
			compatibilityVersion = "Xcode 9.3";
			developmentRegion = en;
			hasScannedForEncodings = 0;
			knownRegions = (
				en,
				Base,
			);
			mainGroup = 54F95EA123D4998B00187341;
			packageReferences = (
				54F95EC923D4AAC100187341 /* XCRemoteSwiftPackageReference "EZCache" */,
			);
			productRefGroup = 54F95EAB23D4998B00187341 /* Products */;
			projectDirPath = "";
			projectRoot = "";
			targets = (
				54F95EA923D4998B00187341 /* EZCacheExample */,
			);
		};
/* End PBXProject section */

/* Begin PBXResourcesBuildPhase section */
		54F95EA823D4998B00187341 /* Resources */ = {
			isa = PBXResourcesBuildPhase;
			buildActionMask = 2147483647;
			files = (
				54F95EBA23D4998D00187341 /* LaunchScreen.storyboard in Resources */,
				54F95EB723D4998D00187341 /* Assets.xcassets in Resources */,
				54F95EC523D49F1C00187341 /* README.md in Resources */,
				54F95EB523D4998B00187341 /* Main.storyboard in Resources */,
			);
			runOnlyForDeploymentPostprocessing = 0;
		};
/* End PBXResourcesBuildPhase section */

/* Begin PBXSourcesBuildPhase section */
		54F95EA623D4998B00187341 /* Sources */ = {
			isa = PBXSourcesBuildPhase;
			buildActionMask = 2147483647;
			files = (
				54F95EB223D4998B00187341 /* ViewController.swift in Sources */,
				54F95EAE23D4998B00187341 /* AppDelegate.swift in Sources */,
				54F95EC223D49A0D00187341 /* User.swift in Sources */,
				54F95ECD23D4AB3D00187341 /* SceneDelegate.swift in Sources */,
			);
			runOnlyForDeploymentPostprocessing = 0;
		};
/* End PBXSourcesBuildPhase section */

/* Begin PBXVariantGroup section */
		54F95EB323D4998B00187341 /* Main.storyboard */ = {
			isa = PBXVariantGroup;
			children = (
				54F95EB423D4998B00187341 /* Base */,
			);
			name = Main.storyboard;
			sourceTree = "<group>";
		};
		54F95EB823D4998D00187341 /* LaunchScreen.storyboard */ = {
			isa = PBXVariantGroup;
			children = (
				54F95EB923D4998D00187341 /* Base */,
			);
			name = LaunchScreen.storyboard;
			sourceTree = "<group>";
		};
/* End PBXVariantGroup section */

/* Begin XCBuildConfiguration section */
		54F95EBC23D4998D00187341 /* Debug */ = {
			isa = XCBuildConfiguration;
			buildSettings = {
				ALWAYS_SEARCH_USER_PATHS = NO;
				CLANG_ANALYZER_NONNULL = YES;
				CLANG_ANALYZER_NUMBER_OBJECT_CONVERSION = YES_AGGRESSIVE;
				CLANG_CXX_LANGUAGE_STANDARD = "gnu++14";
				CLANG_CXX_LIBRARY = "libc++";
				CLANG_ENABLE_MODULES = YES;
				CLANG_ENABLE_OBJC_ARC = YES;
				CLANG_ENABLE_OBJC_WEAK = YES;
				CLANG_WARN_BLOCK_CAPTURE_AUTORELEASING = YES;
				CLANG_WARN_BOOL_CONVERSION = YES;
				CLANG_WARN_COMMA = YES;
				CLANG_WARN_CONSTANT_CONVERSION = YES;
				CLANG_WARN_DEPRECATED_OBJC_IMPLEMENTATIONS = YES;
				CLANG_WARN_DIRECT_OBJC_ISA_USAGE = YES_ERROR;
				CLANG_WARN_DOCUMENTATION_COMMENTS = YES;
				CLANG_WARN_EMPTY_BODY = YES;
				CLANG_WARN_ENUM_CONVERSION = YES;
				CLANG_WARN_INFINITE_RECURSION = YES;
				CLANG_WARN_INT_CONVERSION = YES;
				CLANG_WARN_NON_LITERAL_NULL_CONVERSION = YES;
				CLANG_WARN_OBJC_IMPLICIT_RETAIN_SELF = YES;
				CLANG_WARN_OBJC_LITERAL_CONVERSION = YES;
				CLANG_WARN_OBJC_ROOT_CLASS = YES_ERROR;
				CLANG_WARN_RANGE_LOOP_ANALYSIS = YES;
				CLANG_WARN_STRICT_PROTOTYPES = YES;
				CLANG_WARN_SUSPICIOUS_MOVE = YES;
				CLANG_WARN_UNGUARDED_AVAILABILITY = YES_AGGRESSIVE;
				CLANG_WARN_UNREACHABLE_CODE = YES;
				CLANG_WARN__DUPLICATE_METHOD_MATCH = YES;
				COPY_PHASE_STRIP = NO;
				DEBUG_INFORMATION_FORMAT = dwarf;
				ENABLE_STRICT_OBJC_MSGSEND = YES;
				ENABLE_TESTABILITY = YES;
				GCC_C_LANGUAGE_STANDARD = gnu11;
				GCC_DYNAMIC_NO_PIC = NO;
				GCC_NO_COMMON_BLOCKS = YES;
				GCC_OPTIMIZATION_LEVEL = 0;
				GCC_PREPROCESSOR_DEFINITIONS = (
					"DEBUG=1",
					"$(inherited)",
				);
				GCC_WARN_64_TO_32_BIT_CONVERSION = YES;
				GCC_WARN_ABOUT_RETURN_TYPE = YES_ERROR;
				GCC_WARN_UNDECLARED_SELECTOR = YES;
				GCC_WARN_UNINITIALIZED_AUTOS = YES_AGGRESSIVE;
				GCC_WARN_UNUSED_FUNCTION = YES;
				GCC_WARN_UNUSED_VARIABLE = YES;
				IPHONEOS_DEPLOYMENT_TARGET = 13.2;
				MTL_ENABLE_DEBUG_INFO = INCLUDE_SOURCE;
				MTL_FAST_MATH = YES;
				ONLY_ACTIVE_ARCH = YES;
				SDKROOT = iphoneos;
				SWIFT_ACTIVE_COMPILATION_CONDITIONS = DEBUG;
				SWIFT_OPTIMIZATION_LEVEL = "-Onone";
			};
			name = Debug;
		};
		54F95EBD23D4998D00187341 /* Release */ = {
			isa = XCBuildConfiguration;
			buildSettings = {
				ALWAYS_SEARCH_USER_PATHS = NO;
				CLANG_ANALYZER_NONNULL = YES;
				CLANG_ANALYZER_NUMBER_OBJECT_CONVERSION = YES_AGGRESSIVE;
				CLANG_CXX_LANGUAGE_STANDARD = "gnu++14";
				CLANG_CXX_LIBRARY = "libc++";
				CLANG_ENABLE_MODULES = YES;
				CLANG_ENABLE_OBJC_ARC = YES;
				CLANG_ENABLE_OBJC_WEAK = YES;
				CLANG_WARN_BLOCK_CAPTURE_AUTORELEASING = YES;
				CLANG_WARN_BOOL_CONVERSION = YES;
				CLANG_WARN_COMMA = YES;
				CLANG_WARN_CONSTANT_CONVERSION = YES;
				CLANG_WARN_DEPRECATED_OBJC_IMPLEMENTATIONS = YES;
				CLANG_WARN_DIRECT_OBJC_ISA_USAGE = YES_ERROR;
				CLANG_WARN_DOCUMENTATION_COMMENTS = YES;
				CLANG_WARN_EMPTY_BODY = YES;
				CLANG_WARN_ENUM_CONVERSION = YES;
				CLANG_WARN_INFINITE_RECURSION = YES;
				CLANG_WARN_INT_CONVERSION = YES;
				CLANG_WARN_NON_LITERAL_NULL_CONVERSION = YES;
				CLANG_WARN_OBJC_IMPLICIT_RETAIN_SELF = YES;
				CLANG_WARN_OBJC_LITERAL_CONVERSION = YES;
				CLANG_WARN_OBJC_ROOT_CLASS = YES_ERROR;
				CLANG_WARN_RANGE_LOOP_ANALYSIS = YES;
				CLANG_WARN_STRICT_PROTOTYPES = YES;
				CLANG_WARN_SUSPICIOUS_MOVE = YES;
				CLANG_WARN_UNGUARDED_AVAILABILITY = YES_AGGRESSIVE;
				CLANG_WARN_UNREACHABLE_CODE = YES;
				CLANG_WARN__DUPLICATE_METHOD_MATCH = YES;
				COPY_PHASE_STRIP = NO;
				DEBUG_INFORMATION_FORMAT = "dwarf-with-dsym";
				ENABLE_NS_ASSERTIONS = NO;
				ENABLE_STRICT_OBJC_MSGSEND = YES;
				GCC_C_LANGUAGE_STANDARD = gnu11;
				GCC_NO_COMMON_BLOCKS = YES;
				GCC_WARN_64_TO_32_BIT_CONVERSION = YES;
				GCC_WARN_ABOUT_RETURN_TYPE = YES_ERROR;
				GCC_WARN_UNDECLARED_SELECTOR = YES;
				GCC_WARN_UNINITIALIZED_AUTOS = YES_AGGRESSIVE;
				GCC_WARN_UNUSED_FUNCTION = YES;
				GCC_WARN_UNUSED_VARIABLE = YES;
				IPHONEOS_DEPLOYMENT_TARGET = 13.2;
				MTL_ENABLE_DEBUG_INFO = NO;
				MTL_FAST_MATH = YES;
				SDKROOT = iphoneos;
				SWIFT_COMPILATION_MODE = wholemodule;
				SWIFT_OPTIMIZATION_LEVEL = "-O";
				VALIDATE_PRODUCT = YES;
			};
			name = Release;
		};
		54F95EBF23D4998D00187341 /* Debug */ = {
			isa = XCBuildConfiguration;
			buildSettings = {
				ASSETCATALOG_COMPILER_APPICON_NAME = AppIcon;
				CODE_SIGN_STYLE = Automatic;
				INFOPLIST_FILE = EZCacheExample/Info.plist;
				LD_RUNPATH_SEARCH_PATHS = (
					"$(inherited)",
					"@executable_path/Frameworks",
				);
				PRODUCT_BUNDLE_IDENTIFIER = com.chackle.EZCacheExample;
				PRODUCT_NAME = "$(TARGET_NAME)";
				SWIFT_VERSION = 5.0;
				TARGETED_DEVICE_FAMILY = "1,2";
			};
			name = Debug;
		};
		54F95EC023D4998D00187341 /* Release */ = {
			isa = XCBuildConfiguration;
			buildSettings = {
				ASSETCATALOG_COMPILER_APPICON_NAME = AppIcon;
				CODE_SIGN_STYLE = Automatic;
				INFOPLIST_FILE = EZCacheExample/Info.plist;
				LD_RUNPATH_SEARCH_PATHS = (
					"$(inherited)",
					"@executable_path/Frameworks",
				);
				PRODUCT_BUNDLE_IDENTIFIER = com.chackle.EZCacheExample;
				PRODUCT_NAME = "$(TARGET_NAME)";
				SWIFT_VERSION = 5.0;
				TARGETED_DEVICE_FAMILY = "1,2";
			};
			name = Release;
		};
/* End XCBuildConfiguration section */

/* Begin XCConfigurationList section */
		54F95EA523D4998B00187341 /* Build configuration list for PBXProject "EZCacheExample" */ = {
			isa = XCConfigurationList;
			buildConfigurations = (
				54F95EBC23D4998D00187341 /* Debug */,
				54F95EBD23D4998D00187341 /* Release */,
			);
			defaultConfigurationIsVisible = 0;
			defaultConfigurationName = Release;
		};
		54F95EBE23D4998D00187341 /* Build configuration list for PBXNativeTarget "EZCacheExample" */ = {
			isa = XCConfigurationList;
			buildConfigurations = (
				54F95EBF23D4998D00187341 /* Debug */,
				54F95EC023D4998D00187341 /* Release */,
			);
			defaultConfigurationIsVisible = 0;
			defaultConfigurationName = Release;
		};
/* End XCConfigurationList section */

/* Begin XCRemoteSwiftPackageReference section */
		54F95EC923D4AAC100187341 /* XCRemoteSwiftPackageReference "EZCache" */ = {
			isa = XCRemoteSwiftPackageReference;
			repositoryURL = "https://github.com/chackle/EZCache.git";
			requirement = {
				branch = master;
				kind = branch;
			};
		};
/* End XCRemoteSwiftPackageReference section */

/* Begin XCSwiftPackageProductDependency section */
		54F95ECA23D4AAC100187341 /* EZCache */ = {
			isa = XCSwiftPackageProductDependency;
			package = 54F95EC923D4AAC100187341 /* XCRemoteSwiftPackageReference "EZCache" */;
			productName = EZCache;
		};
/* End XCSwiftPackageProductDependency section */
	};
	rootObject = 54F95EA223D4998B00187341 /* Project object */;
}
